
Microsoft Visual Studio Solution File, Format Version 12.00
# Visual Studio 2013
VisualStudioVersion = 12.0.21005.1
MinimumVisualStudioVersion = 10.0.40219.1
Project("{8BC9CEB8-8B4A-11D0-8D11-00A0C91BC942}") = "CS", "CS\CS.vcxproj", "{A413419C-3EAA-4050-8EED-2A501666D402}"
EndProject
Project("{8BC9CEB8-8B4A-11D0-8D11-00A0C91BC942}") = "Client", "Client\Client.vcxproj", "{B8E96570-20C7-419C-83BD-8624B62F066C}"
EndProject
Project("{8BC9CEB8-8B4A-11D0-8D11-00A0C91BC942}") = "Process", "Process\Process.vcxproj", "{C731417B-EF54-461D-98EA-A405EB640624}"
EndProject
Global
	GlobalSection(SolutionConfigurationPlatforms) = preSolution
		Debug|Mixed Platforms = Debug|Mixed Platforms
		Debug|Win32 = Debug|Win32
		Debug|x64 = Debug|x64
		Release|Mixed Platforms = Release|Mixed Platforms
		Release|Win32 = Release|Win32
		Release|x64 = Release|x64
	EndGlobalSection
	GlobalSection(ProjectConfigurationPlatforms) = postSolution
		{A413419C-3EAA-4050-8EED-2A501666D402}.Debug|Mixed Platforms.ActiveCfg = Debug|Win32
		{A413419C-3EAA-4050-8EED-2A501666D402}.Debug|Mixed Platforms.Build.0 = Debug|Win32
		{A413419C-3EAA-4050-8EED-2A501666D402}.Debug|Win32.ActiveCfg = Debug|Win32
		{A413419C-3EAA-4050-8EED-2A501666D402}.Debug|Win32.Build.0 = Debug|Win32
		{A413419C-3EAA-4050-8EED-2A501666D402}.Debug|x64.ActiveCfg = Debug|x64
		{A413419C-3EAA-4050-8EED-2A501666D402}.Debug|x64.Build.0 = Debug|x64
		{A413419C-3EAA-4050-8EED-2A501666D402}.Release|Mixed Platforms.ActiveCfg = Release|Win32
		{A413419C-3EAA-4050-8EED-2A501666D402}.Release|Mixed Platforms.Build.0 = Release|Win32
		{A413419C-3EAA-4050-8EED-2A501666D402}.Release|Win32.ActiveCfg = Release|Win32
		{A413419C-3EAA-4050-8EED-2A501666D402}.Release|Win32.Build.0 = Release|Win32
		{A413419C-3EAA-4050-8EED-2A501666D402}.Release|x64.ActiveCfg = Release|x64
		{A413419C-3EAA-4050-8EED-2A501666D402}.Release|x64.Build.0 = Release|x64
		{B8E96570-20C7-419C-83BD-8624B62F066C}.Debug|Mixed Platforms.ActiveCfg = Debug|Win32
		{B8E96570-20C7-419C-83BD-8624B62F066C}.Debug|Mixed Platforms.Build.0 = Debug|Win32
		{B8E96570-20C7-419C-83BD-8624B62F066C}.Debug|Win32.ActiveCfg = Debug|Win32
		{B8E96570-20C7-419C-83BD-8624B62F066C}.Debug|Win32.Build.0 = Debug|Win32
		{B8E96570-20C7-419C-83BD-8624B62F066C}.Debug|x64.ActiveCfg = Debug|x64
		{B8E96570-20C7-419C-83BD-8624B62F066C}.Release|Mixed Platforms.ActiveCfg = Release|Win32
		{B8E96570-20C7-419C-83BD-8624B62F066C}.Release|Mixed Platforms.Build.0 = Release|Win32
		{B8E96570-20C7-419C-83BD-8624B62F066C}.Release|Win32.ActiveCfg = Release|Win32
		{B8E96570-20C7-419C-83BD-8624B62F066C}.Release|Win32.Build.0 = Release|Win32
		{B8E96570-20C7-419C-83BD-8624B62F066C}.Release|x64.ActiveCfg = Release|x64
		{C731417B-EF54-461D-98EA-A405EB640624}.Debug|Mixed Platforms.ActiveCfg = Debug|Win32
		{C731417B-EF54-461D-98EA-A405EB640624}.Debug|Mixed Platforms.Build.0 = Debug|Win32
		{C731417B-EF54-461D-98EA-A405EB640624}.Debug|Win32.ActiveCfg = Debug|Win32
		{C731417B-EF54-461D-98EA-A405EB640624}.Debug|Win32.Build.0 = Debug|Win32
		{C731417B-EF54-461D-98EA-A405EB640624}.Debug|x64.ActiveCfg = Debug|Win32
		{C731417B-EF54-461D-98EA-A405EB640624}.Release|Mixed Platforms.ActiveCfg = Release|Win32
		{C731417B-EF54-461D-98EA-A405EB640624}.Release|Mixed Platforms.Build.0 = Release|Win32
		{C731417B-EF54-461D-98EA-A405EB640624}.Release|Win32.ActiveCfg = Release|Win32
		{C731417B-EF54-461D-98EA-A405EB640624}.Release|Win32.Build.0 = Release|Win32
		{C731417B-EF54-461D-98EA-A405EB640624}.Release|x64.ActiveCfg = Release|x64
	EndGlobalSection
	GlobalSection(SolutionProperties) = preSolution
		HideSolutionNode = FALSE
	EndGlobalSection
EndGlobal
